
Microsoft Visual Studio Solution File, Format Version 12.00
# Visual Studio Version 17
VisualStudioVersion = 17.4.33122.133
MinimumVisualStudioVersion = 10.0.40219.1
Project("{FAE04EC0-301F-11D3-BF4B-00C04F79EFBC}") = "PeremennieConsoleApp", "PeremennieConsoleApp.csproj", "{B44415AC-CA0B-4631-9525-CF0EBFC80CA3}"
EndProject
Global
	GlobalSection(SolutionConfigurationPlatforms) = preSolution
		Debug|Any CPU = Debug|Any CPU
		Release|Any CPU = Release|Any CPU
	EndGlobalSection
	GlobalSection(ProjectConfigurationPlatforms) = postSolution
		{B44415AC-CA0B-4631-9525-CF0EBFC80CA3}.Debug|Any CPU.ActiveCfg = Debug|Any CPU
		{B44415AC-CA0B-4631-9525-CF0EBFC80CA3}.Debug|Any CPU.Build.0 = Debug|Any CPU
		{B44415AC-CA0B-4631-9525-CF0EBFC80CA3}.Release|Any CPU.ActiveCfg = Release|Any CPU
		{B44415AC-CA0B-4631-9525-CF0EBFC80CA3}.Release|Any CPU.Build.0 = Release|Any CPU
	EndGlobalSection
	GlobalSection(SolutionProperties) = preSolution
		HideSolutionNode = FALSE
	EndGlobalSection
	GlobalSection(ExtensibilityGlobals) = postSolution
		SolutionGuid = {B1995446-A5FC-4C20-B58E-DBA160AE5609}
	EndGlobalSection
EndGlobal
